Microsoft Visual Studio Solution File, Format Version 7.00
Project("{FAE04EC0-301F-11D3-BF4B-00C04F79EFBC}") = "MultiSizePages Example", "MultiSizePages Example.csproj", "{B6BA5679-B7F6-4610-B4AE-C72CE09D76C2}"
EndProject
Global
	GlobalSection(SolutionConfiguration) = preSolution
		ConfigName.0 = Debug
		ConfigName.1 = Release
	EndGlobalSection
	GlobalSection(ProjectDependencies) = postSolution
	EndGlobalSection
	GlobalSection(ProjectConfiguration) = postSolution
		{B6BA5679-B7F6-4610-B4AE-C72CE09D76C2}.Debug.ActiveCfg = Debug|.NET
		{B6BA5679-B7F6-4610-B4AE-C72CE09D76C2}.Debug.Build.0 = Debug|.NET
		{B6BA5679-B7F6-4610-B4AE-C72CE09D76C2}.Release.ActiveCfg = Release|.NET
		{B6BA5679-B7F6-4610-B4AE-C72CE09D76C2}.Release.Build.0 = Release|.NET
	EndGlobalSection
	GlobalSection(ExtensibilityGlobals) = postSolution
	EndGlobalSection
	GlobalSection(ExtensibilityAddIns) = postSolution
	EndGlobalSection
EndGlobal
