Microsoft Visual Studio Solution File, Format Version 8.00
Project("{FAE04EC0-301F-11D3-BF4B-00C04F79EFBC}") = "executavel", "executavel\executavel.csproj", "{1428B0FD-C05E-45A6-9DD5-E78D17F2FF22}"
	ProjectSection(ProjectDependencies) = postProject
		{883AAE50-E9BD-447F-B668-09143F450F23} = {883AAE50-E9BD-447F-B668-09143F450F23}
	EndProjectSection
EndProject
Project("{FAE04EC0-301F-11D3-BF4B-00C04F79EFBC}") = "mdlContainers", "mdlContainers\mdlContainers.csproj", "{883AAE50-E9BD-447F-B668-09143F450F23}"
	ProjectSection(ProjectDependencies) = postProject
	EndProjectSection
EndProject
Global
	GlobalSection(SourceCodeControl) = preSolution
		SccNumberOfProjects = 3
		SccLocalPath0 = .
		CanCheckoutShared = false
		SolutionUniqueID = {3DF9857B-DFE8-4FE1-B0FC-FBF878B2A172}
		SccProjectUniqueName1 = executavel\\executavel.csproj
		SccLocalPath1 = .
		CanCheckoutShared = false
		SccProjectFilePathRelativizedFromConnection1 = executavel\\
		SccProjectUniqueName2 = mdlContainers\\mdlContainers.csproj
		SccLocalPath2 = .
		CanCheckoutShared = false
		SccProjectFilePathRelativizedFromConnection2 = mdlContainers\\
	EndGlobalSection
	GlobalSection(SolutionConfiguration) = preSolution
		Debug = Debug
		Release = Release
	EndGlobalSection
	GlobalSection(ProjectConfiguration) = postSolution
		{1428B0FD-C05E-45A6-9DD5-E78D17F2FF22}.Debug.ActiveCfg = Debug|.NET
		{1428B0FD-C05E-45A6-9DD5-E78D17F2FF22}.Debug.Build.0 = Debug|.NET
		{1428B0FD-C05E-45A6-9DD5-E78D17F2FF22}.Release.ActiveCfg = Release|.NET
		{1428B0FD-C05E-45A6-9DD5-E78D17F2FF22}.Release.Build.0 = Release|.NET
		{883AAE50-E9BD-447F-B668-09143F450F23}.Debug.ActiveCfg = Debug|.NET
		{883AAE50-E9BD-447F-B668-09143F450F23}.Debug.Build.0 = Debug|.NET
		{883AAE50-E9BD-447F-B668-09143F450F23}.Release.ActiveCfg = Release|.NET
		{883AAE50-E9BD-447F-B668-09143F450F23}.Release.Build.0 = Release|.NET
	EndGlobalSection
	GlobalSection(ExtensibilityGlobals) = postSolution
	EndGlobalSection
	GlobalSection(ExtensibilityAddIns) = postSolution
	EndGlobalSection
EndGlobal
