Microsoft Visual Studio Solution File, Format Version 8.00
Project("{FAE04EC0-301F-11D3-BF4B-00C04F79EFBC}") = "executavel", "executavel\executavel.csproj", "{02EC4C5D-8836-466A-B69B-6CAD9C1D189D}"
	ProjectSection(ProjectDependencies) = postProject
		{0AE8A328-0A44-4088-B6FD-569194C299FA} = {0AE8A328-0A44-4088-B6FD-569194C299FA}
	EndProjectSection
EndProject
Project("{FAE04EC0-301F-11D3-BF4B-00C04F79EFBC}") = "mdlBancos", "mdlBancos\mdlBancos.csproj", "{0AE8A328-0A44-4088-B6FD-569194C299FA}"
	ProjectSection(ProjectDependencies) = postProject
	EndProjectSection
EndProject
Global
	GlobalSection(SourceCodeControl) = preSolution
		SccNumberOfProjects = 3
		SccLocalPath0 = .
		CanCheckoutShared = false
		SolutionUniqueID = {45F630E3-9E0F-49B2-ACD9-851BA74B3069}
		SccProjectUniqueName1 = executavel\\executavel.csproj
		SccLocalPath1 = .
		CanCheckoutShared = false
		SccProjectFilePathRelativizedFromConnection1 = executavel\\
		SccProjectUniqueName2 = mdlBancos\\mdlBancos.csproj
		SccLocalPath2 = .
		CanCheckoutShared = false
		SccProjectFilePathRelativizedFromConnection2 = mdlBancos\\
	EndGlobalSection
	GlobalSection(SolutionConfiguration) = preSolution
		Debug = Debug
		Release = Release
	EndGlobalSection
	GlobalSection(ProjectConfiguration) = postSolution
		{02EC4C5D-8836-466A-B69B-6CAD9C1D189D}.Debug.ActiveCfg = Debug|.NET
		{02EC4C5D-8836-466A-B69B-6CAD9C1D189D}.Debug.Build.0 = Debug|.NET
		{02EC4C5D-8836-466A-B69B-6CAD9C1D189D}.Release.ActiveCfg = Release|.NET
		{02EC4C5D-8836-466A-B69B-6CAD9C1D189D}.Release.Build.0 = Release|.NET
		{0AE8A328-0A44-4088-B6FD-569194C299FA}.Debug.ActiveCfg = Debug|.NET
		{0AE8A328-0A44-4088-B6FD-569194C299FA}.Debug.Build.0 = Debug|.NET
		{0AE8A328-0A44-4088-B6FD-569194C299FA}.Release.ActiveCfg = Release|.NET
		{0AE8A328-0A44-4088-B6FD-569194C299FA}.Release.Build.0 = Release|.NET
	EndGlobalSection
	GlobalSection(SolutionItems) = postSolution
		mdlBancos\mdlBancos.vsd = mdlBancos\mdlBancos.vsd
	EndGlobalSection
	GlobalSection(ExtensibilityGlobals) = postSolution
	EndGlobalSection
	GlobalSection(ExtensibilityAddIns) = postSolution
	EndGlobalSection
EndGlobal
