Microsoft Visual Studio Solution File, Format Version 8.00
Project("{FAE04EC0-301F-11D3-BF4B-00C04F79EFBC}") = "executavel", "executavel\executavel.csproj", "{6404774A-D8CB-4D1E-B179-1E6A5B470818}"
	ProjectSection(ProjectDependencies) = postProject
		{0C4C7A0B-97AA-4ADE-B4E8-4C7C17C7D642} = {0C4C7A0B-97AA-4ADE-B4E8-4C7C17C7D642}
	EndProjectSection
EndProject
Project("{FAE04EC0-301F-11D3-BF4B-00C04F79EFBC}") = "mdlIcones", "mdlIcones\mdlIcones.csproj", "{0C4C7A0B-97AA-4ADE-B4E8-4C7C17C7D642}"
	ProjectSection(ProjectDependencies) = postProject
	EndProjectSection
EndProject
Global
	GlobalSection(SolutionConfiguration) = preSolution
		Debug = Debug
		Release = Release
	EndGlobalSection
	GlobalSection(ProjectConfiguration) = postSolution
		{6404774A-D8CB-4D1E-B179-1E6A5B470818}.Debug.ActiveCfg = Debug|.NET
		{6404774A-D8CB-4D1E-B179-1E6A5B470818}.Debug.Build.0 = Debug|.NET
		{6404774A-D8CB-4D1E-B179-1E6A5B470818}.Release.ActiveCfg = Release|.NET
		{6404774A-D8CB-4D1E-B179-1E6A5B470818}.Release.Build.0 = Release|.NET
		{0C4C7A0B-97AA-4ADE-B4E8-4C7C17C7D642}.Debug.ActiveCfg = Debug|.NET
		{0C4C7A0B-97AA-4ADE-B4E8-4C7C17C7D642}.Debug.Build.0 = Debug|.NET
		{0C4C7A0B-97AA-4ADE-B4E8-4C7C17C7D642}.Release.ActiveCfg = Release|.NET
		{0C4C7A0B-97AA-4ADE-B4E8-4C7C17C7D642}.Release.Build.0 = Release|.NET
	EndGlobalSection
	GlobalSection(ExtensibilityGlobals) = postSolution
	EndGlobalSection
	GlobalSection(ExtensibilityAddIns) = postSolution
	EndGlobalSection
EndGlobal
