Microsoft Visual Studio Solution File, Format Version 8.00
Project("{FAE04EC0-301F-11D3-BF4B-00C04F79EFBC}") = "executavel", "executavel\executavel.csproj", "{539BBC2E-E115-4960-9A2C-257142482B95}"
	ProjectSection(ProjectDependencies) = postProject
		{451ADDF8-9897-437E-B0E4-45155B24937D} = {451ADDF8-9897-437E-B0E4-45155B24937D}
	EndProjectSection
EndProject
Project("{FAE04EC0-301F-11D3-BF4B-00C04F79EFBC}") = "mdlProdutosBordero", "mdlProdutosBordero\mdlProdutosBordero.csproj", "{451ADDF8-9897-437E-B0E4-45155B24937D}"
	ProjectSection(ProjectDependencies) = postProject
	EndProjectSection
EndProject
Global
	GlobalSection(SourceCodeControl) = preSolution
		SccNumberOfProjects = 3
		SccLocalPath0 = .
		CanCheckoutShared = false
		SolutionUniqueID = {E3B16007-F2A1-49FB-8A3A-73A61929DC99}
		SccProjectUniqueName1 = executavel\\executavel.csproj
		SccLocalPath1 = .
		CanCheckoutShared = false
		SccProjectFilePathRelativizedFromConnection1 = executavel\\
		SccProjectUniqueName2 = mdlProdutosBordero\\mdlProdutosBordero.csproj
		SccLocalPath2 = .
		CanCheckoutShared = false
		SccProjectFilePathRelativizedFromConnection2 = mdlProdutosBordero\\
	EndGlobalSection
	GlobalSection(SolutionConfiguration) = preSolution
		Debug = Debug
		Release = Release
	EndGlobalSection
	GlobalSection(ProjectConfiguration) = postSolution
		{539BBC2E-E115-4960-9A2C-257142482B95}.Debug.ActiveCfg = Debug|.NET
		{539BBC2E-E115-4960-9A2C-257142482B95}.Debug.Build.0 = Debug|.NET
		{539BBC2E-E115-4960-9A2C-257142482B95}.Release.ActiveCfg = Release|.NET
		{539BBC2E-E115-4960-9A2C-257142482B95}.Release.Build.0 = Release|.NET
		{451ADDF8-9897-437E-B0E4-45155B24937D}.Debug.ActiveCfg = Debug|.NET
		{451ADDF8-9897-437E-B0E4-45155B24937D}.Debug.Build.0 = Debug|.NET
		{451ADDF8-9897-437E-B0E4-45155B24937D}.Release.ActiveCfg = Release|.NET
		{451ADDF8-9897-437E-B0E4-45155B24937D}.Release.Build.0 = Release|.NET
	EndGlobalSection
	GlobalSection(ExtensibilityGlobals) = postSolution
	EndGlobalSection
	GlobalSection(ExtensibilityAddIns) = postSolution
	EndGlobalSection
EndGlobal
