Microsoft Visual Studio Solution File, Format Version 8.00
Project("{FAE04EC0-301F-11D3-BF4B-00C04F79EFBC}") = "executavel", "executavel\executavel.csproj", "{160CD32F-77A8-4DBE-B482-60E58C027922}"
	ProjectSection(ProjectDependencies) = postProject
		{B2565AB0-9962-43BA-8F16-ACBA16F92731} = {B2565AB0-9962-43BA-8F16-ACBA16F92731}
	EndProjectSection
EndProject
Project("{FAE04EC0-301F-11D3-BF4B-00C04F79EFBC}") = "mdlComponentesGraficos", "mdlComponentesGraficos\mdlComponentesGraficos.csproj", "{B2565AB0-9962-43BA-8F16-ACBA16F92731}"
	ProjectSection(ProjectDependencies) = postProject
	EndProjectSection
EndProject
Global
	GlobalSection(SourceCodeControl) = preSolution
		SccNumberOfProjects = 3
		SccLocalPath0 = .
		CanCheckoutShared = false
		SolutionUniqueID = {8B6528D2-A8B4-4C06-8EB3-0430B17FD540}
		SccProjectUniqueName1 = executavel\\executavel.csproj
		SccLocalPath1 = .
		CanCheckoutShared = false
		SccProjectFilePathRelativizedFromConnection1 = executavel\\
		SccProjectUniqueName2 = mdlComponentesGraficos\\mdlComponentesGraficos.csproj
		SccLocalPath2 = .
		CanCheckoutShared = false
		SccProjectFilePathRelativizedFromConnection2 = mdlComponentesGraficos\\
	EndGlobalSection
	GlobalSection(SolutionConfiguration) = preSolution
		Debug = Debug
		Release = Release
	EndGlobalSection
	GlobalSection(ProjectConfiguration) = postSolution
		{160CD32F-77A8-4DBE-B482-60E58C027922}.Debug.ActiveCfg = Debug|.NET
		{160CD32F-77A8-4DBE-B482-60E58C027922}.Debug.Build.0 = Debug|.NET
		{160CD32F-77A8-4DBE-B482-60E58C027922}.Release.ActiveCfg = Release|.NET
		{160CD32F-77A8-4DBE-B482-60E58C027922}.Release.Build.0 = Release|.NET
		{B2565AB0-9962-43BA-8F16-ACBA16F92731}.Debug.ActiveCfg = Debug|.NET
		{B2565AB0-9962-43BA-8F16-ACBA16F92731}.Debug.Build.0 = Debug|.NET
		{B2565AB0-9962-43BA-8F16-ACBA16F92731}.Release.ActiveCfg = Release|.NET
		{B2565AB0-9962-43BA-8F16-ACBA16F92731}.Release.Build.0 = Release|.NET
	EndGlobalSection
	GlobalSection(SolutionItems) = postSolution
		mdlComponentesGraficos.vsd = mdlComponentesGraficos.vsd
	EndGlobalSection
	GlobalSection(ExtensibilityGlobals) = postSolution
	EndGlobalSection
	GlobalSection(ExtensibilityAddIns) = postSolution
	EndGlobalSection
EndGlobal
