Microsoft Visual Studio Solution File, Format Version 8.00
Project("{FAE04EC0-301F-11D3-BF4B-00C04F79EFBC}") = "mdlMedidorTempo", "mdlMedidorTempo\mdlMedidorTempo.csproj", "{1596B271-B2DF-49BA-B5CB-2FABD07342CB}"
	ProjectSection(ProjectDependencies) = postProject
	EndProjectSection
EndProject
Project("{FAE04EC0-301F-11D3-BF4B-00C04F79EFBC}") = "executavel", "executavel\executavel.csproj", "{0271DD93-D99E-4429-83B1-F6895618D4AD}"
	ProjectSection(ProjectDependencies) = postProject
		{1596B271-B2DF-49BA-B5CB-2FABD07342CB} = {1596B271-B2DF-49BA-B5CB-2FABD07342CB}
	EndProjectSection
EndProject
Global
	GlobalSection(SourceCodeControl) = preSolution
		SccNumberOfProjects = 3
		SccLocalPath0 = .
		CanCheckoutShared = false
		SolutionUniqueID = {09D29BF6-25C5-408B-A01C-7B10C627B685}
		SccProjectUniqueName1 = executavel\\executavel.csproj
		SccLocalPath1 = .
		CanCheckoutShared = false
		SccProjectFilePathRelativizedFromConnection1 = executavel\\
		SccProjectUniqueName2 = mdlMedidorTempo\\mdlMedidorTempo.csproj
		SccLocalPath2 = .
		CanCheckoutShared = false
		SccProjectFilePathRelativizedFromConnection2 = mdlMedidorTempo\\
	EndGlobalSection
	GlobalSection(SolutionConfiguration) = preSolution
		Debug = Debug
		Release = Release
	EndGlobalSection
	GlobalSection(ProjectConfiguration) = postSolution
		{1596B271-B2DF-49BA-B5CB-2FABD07342CB}.Debug.ActiveCfg = Debug|.NET
		{1596B271-B2DF-49BA-B5CB-2FABD07342CB}.Debug.Build.0 = Debug|.NET
		{1596B271-B2DF-49BA-B5CB-2FABD07342CB}.Release.ActiveCfg = Release|.NET
		{1596B271-B2DF-49BA-B5CB-2FABD07342CB}.Release.Build.0 = Release|.NET
		{0271DD93-D99E-4429-83B1-F6895618D4AD}.Debug.ActiveCfg = Debug|.NET
		{0271DD93-D99E-4429-83B1-F6895618D4AD}.Debug.Build.0 = Debug|.NET
		{0271DD93-D99E-4429-83B1-F6895618D4AD}.Release.ActiveCfg = Release|.NET
		{0271DD93-D99E-4429-83B1-F6895618D4AD}.Release.Build.0 = Release|.NET
	EndGlobalSection
	GlobalSection(SolutionItems) = postSolution
		mdlMedidorTempo.vsd = mdlMedidorTempo.vsd
	EndGlobalSection
	GlobalSection(ExtensibilityGlobals) = postSolution
	EndGlobalSection
	GlobalSection(ExtensibilityAddIns) = postSolution
	EndGlobalSection
EndGlobal
