Microsoft Visual Studio Solution File, Format Version 8.00
Project("{FAE04EC0-301F-11D3-BF4B-00C04F79EFBC}") = "mdlIdioma", "mdlIdioma\mdlIdioma.csproj", "{C770D3C1-E2D4-4D1D-83CB-FECF20E02D5D}"
	ProjectSection(ProjectDependencies) = postProject
	EndProjectSection
EndProject
Project("{FAE04EC0-301F-11D3-BF4B-00C04F79EFBC}") = "executavel", "executavel\executavel.csproj", "{02EC4C5D-8836-466A-B69B-6CAD9C1D189D}"
	ProjectSection(ProjectDependencies) = postProject
		{C770D3C1-E2D4-4D1D-83CB-FECF20E02D5D} = {C770D3C1-E2D4-4D1D-83CB-FECF20E02D5D}
	EndProjectSection
EndProject
Global
	GlobalSection(SourceCodeControl) = preSolution
		SccNumberOfProjects = 3
		SccLocalPath0 = .
		CanCheckoutShared = false
		SolutionUniqueID = {66E51075-B078-492A-872B-B38B85BCBA72}
		SccProjectUniqueName1 = executavel\\executavel.csproj
		SccLocalPath1 = .
		CanCheckoutShared = false
		SccProjectFilePathRelativizedFromConnection1 = executavel\\
		SccProjectUniqueName2 = mdlIdioma\\mdlIdioma.csproj
		SccLocalPath2 = .
		CanCheckoutShared = false
		SccProjectFilePathRelativizedFromConnection2 = mdlIdioma\\
	EndGlobalSection
	GlobalSection(SolutionConfiguration) = preSolution
		Debug = Debug
		Release = Release
	EndGlobalSection
	GlobalSection(ProjectConfiguration) = postSolution
		{C770D3C1-E2D4-4D1D-83CB-FECF20E02D5D}.Debug.ActiveCfg = Debug|.NET
		{C770D3C1-E2D4-4D1D-83CB-FECF20E02D5D}.Debug.Build.0 = Debug|.NET
		{C770D3C1-E2D4-4D1D-83CB-FECF20E02D5D}.Release.ActiveCfg = Release|.NET
		{C770D3C1-E2D4-4D1D-83CB-FECF20E02D5D}.Release.Build.0 = Release|.NET
		{02EC4C5D-8836-466A-B69B-6CAD9C1D189D}.Debug.ActiveCfg = Debug|.NET
		{02EC4C5D-8836-466A-B69B-6CAD9C1D189D}.Debug.Build.0 = Debug|.NET
		{02EC4C5D-8836-466A-B69B-6CAD9C1D189D}.Release.ActiveCfg = Release|.NET
		{02EC4C5D-8836-466A-B69B-6CAD9C1D189D}.Release.Build.0 = Release|.NET
	EndGlobalSection
	GlobalSection(SolutionItems) = postSolution
		mdlIdioma\mdlIdioma.vsd = mdlIdioma\mdlIdioma.vsd
	EndGlobalSection
	GlobalSection(ExtensibilityGlobals) = postSolution
	EndGlobalSection
	GlobalSection(ExtensibilityAddIns) = postSolution
	EndGlobalSection
EndGlobal
