Microsoft Visual Studio Solution File, Format Version 7.00
Project("{FAE04EC0-301F-11D3-BF4B-00C04F79EFBC}") = "PageLayoutMode Example", "PageLayoutMode Example.csproj", "{29207ECF-C5C7-42EB-80A6-1B3BB79B2173}"
EndProject
Global
	GlobalSection(SolutionConfiguration) = preSolution
		ConfigName.0 = Debug
		ConfigName.1 = Release
	EndGlobalSection
	GlobalSection(ProjectDependencies) = postSolution
	EndGlobalSection
	GlobalSection(ProjectConfiguration) = postSolution
		{29207ECF-C5C7-42EB-80A6-1B3BB79B2173}.Debug.ActiveCfg = Debug|.NET
		{29207ECF-C5C7-42EB-80A6-1B3BB79B2173}.Debug.Build.0 = Debug|.NET
		{29207ECF-C5C7-42EB-80A6-1B3BB79B2173}.Release.ActiveCfg = Release|.NET
		{29207ECF-C5C7-42EB-80A6-1B3BB79B2173}.Release.Build.0 = Release|.NET
	EndGlobalSection
	GlobalSection(ExtensibilityGlobals) = postSolution
	EndGlobalSection
	GlobalSection(ExtensibilityAddIns) = postSolution
	EndGlobalSection
EndGlobal
