Microsoft Visual Studio Solution File, Format Version 8.00
Project("{FAE04EC0-301F-11D3-BF4B-00C04F79EFBC}") = "executavel", "executavel\executavel.csproj", "{02EC4C5D-8836-466A-B69B-6CAD9C1D189D}"
	ProjectSection(ProjectDependencies) = postProject
		{F2D9739E-B5BA-4717-B4E5-DCDDD1BB3782} = {F2D9739E-B5BA-4717-B4E5-DCDDD1BB3782}
	EndProjectSection
EndProject
Project("{FAE04EC0-301F-11D3-BF4B-00C04F79EFBC}") = "mdlTransportes", "mdlTransportes\mdlTransportes.csproj", "{F2D9739E-B5BA-4717-B4E5-DCDDD1BB3782}"
	ProjectSection(ProjectDependencies) = postProject
	EndProjectSection
EndProject
Global
	GlobalSection(SourceCodeControl) = preSolution
		SccNumberOfProjects = 3
		SccLocalPath0 = .
		CanCheckoutShared = false
		SolutionUniqueID = {571C1FA4-EC3D-4A19-B346-840D0D862B9C}
		SccProjectUniqueName1 = executavel\\executavel.csproj
		SccLocalPath1 = .
		CanCheckoutShared = false
		SccProjectFilePathRelativizedFromConnection1 = executavel\\
		SccProjectUniqueName2 = mdlTransportes\\mdlTransportes.csproj
		SccLocalPath2 = .
		CanCheckoutShared = false
		SccProjectFilePathRelativizedFromConnection2 = mdlTransportes\\
	EndGlobalSection
	GlobalSection(SolutionConfiguration) = preSolution
		Debug = Debug
		Release = Release
	EndGlobalSection
	GlobalSection(ProjectConfiguration) = postSolution
		{02EC4C5D-8836-466A-B69B-6CAD9C1D189D}.Debug.ActiveCfg = Debug|.NET
		{02EC4C5D-8836-466A-B69B-6CAD9C1D189D}.Debug.Build.0 = Debug|.NET
		{02EC4C5D-8836-466A-B69B-6CAD9C1D189D}.Release.ActiveCfg = Release|.NET
		{02EC4C5D-8836-466A-B69B-6CAD9C1D189D}.Release.Build.0 = Release|.NET
		{F2D9739E-B5BA-4717-B4E5-DCDDD1BB3782}.Debug.ActiveCfg = Debug|.NET
		{F2D9739E-B5BA-4717-B4E5-DCDDD1BB3782}.Debug.Build.0 = Debug|.NET
		{F2D9739E-B5BA-4717-B4E5-DCDDD1BB3782}.Release.ActiveCfg = Release|.NET
		{F2D9739E-B5BA-4717-B4E5-DCDDD1BB3782}.Release.Build.0 = Release|.NET
	EndGlobalSection
	GlobalSection(SolutionItems) = postSolution
		mdlTransportes\mdlTransportes.vsd = mdlTransportes\mdlTransportes.vsd
	EndGlobalSection
	GlobalSection(ExtensibilityGlobals) = postSolution
	EndGlobalSection
	GlobalSection(ExtensibilityAddIns) = postSolution
	EndGlobalSection
EndGlobal
