Microsoft Visual Studio Solution File, Format Version 8.00
Project("{FAE04EC0-301F-11D3-BF4B-00C04F79EFBC}") = "executavel", "executavel\executavel.csproj", "{02EC4C5D-8836-466A-B69B-6CAD9C1D189D}"
	ProjectSection(ProjectDependencies) = postProject
		{27449BA3-D5B2-4270-80C2-90A2AC601E3A} = {27449BA3-D5B2-4270-80C2-90A2AC601E3A}
	EndProjectSection
EndProject
Project("{FAE04EC0-301F-11D3-BF4B-00C04F79EFBC}") = "mdlContas", "mdlContas\mdlContas.csproj", "{27449BA3-D5B2-4270-80C2-90A2AC601E3A}"
	ProjectSection(ProjectDependencies) = postProject
	EndProjectSection
EndProject
Global
	GlobalSection(SourceCodeControl) = preSolution
		SccNumberOfProjects = 3
		SccLocalPath0 = .
		CanCheckoutShared = false
		SolutionUniqueID = {6209836F-DBD1-4121-AB5F-99E87F8D96A6}
		SccProjectUniqueName1 = executavel\\executavel.csproj
		SccLocalPath1 = .
		CanCheckoutShared = false
		SccProjectFilePathRelativizedFromConnection1 = executavel\\
		SccProjectUniqueName2 = mdlContas\\mdlContas.csproj
		SccLocalPath2 = .
		CanCheckoutShared = false
		SccProjectFilePathRelativizedFromConnection2 = mdlContas\\
	EndGlobalSection
	GlobalSection(SolutionConfiguration) = preSolution
		Debug = Debug
		Release = Release
	EndGlobalSection
	GlobalSection(ProjectConfiguration) = postSolution
		{02EC4C5D-8836-466A-B69B-6CAD9C1D189D}.Debug.ActiveCfg = Debug|.NET
		{02EC4C5D-8836-466A-B69B-6CAD9C1D189D}.Debug.Build.0 = Debug|.NET
		{02EC4C5D-8836-466A-B69B-6CAD9C1D189D}.Release.ActiveCfg = Release|.NET
		{02EC4C5D-8836-466A-B69B-6CAD9C1D189D}.Release.Build.0 = Release|.NET
		{27449BA3-D5B2-4270-80C2-90A2AC601E3A}.Debug.ActiveCfg = Debug|.NET
		{27449BA3-D5B2-4270-80C2-90A2AC601E3A}.Debug.Build.0 = Debug|.NET
		{27449BA3-D5B2-4270-80C2-90A2AC601E3A}.Release.ActiveCfg = Release|.NET
		{27449BA3-D5B2-4270-80C2-90A2AC601E3A}.Release.Build.0 = Release|.NET
	EndGlobalSection
	GlobalSection(SolutionItems) = postSolution
		mdlContas\mdlContas.vsd = mdlContas\mdlContas.vsd
	EndGlobalSection
	GlobalSection(ExtensibilityGlobals) = postSolution
	EndGlobalSection
	GlobalSection(ExtensibilityAddIns) = postSolution
	EndGlobalSection
EndGlobal
