Microsoft Visual Studio Solution File, Format Version 8.00
Project("{FAE04EC0-301F-11D3-BF4B-00C04F79EFBC}") = "mdlInet", "mdlInet\mdlInet.csproj", "{0101393A-A5EA-44BF-AF2F-13197E8D7877}"
	ProjectSection(ProjectDependencies) = postProject
	EndProjectSection
EndProject
Project("{FAE04EC0-301F-11D3-BF4B-00C04F79EFBC}") = "executavel", "executavel\executavel.csproj", "{96867AFA-1E73-42D3-92AF-7D0D8DEA4D09}"
	ProjectSection(ProjectDependencies) = postProject
		{0101393A-A5EA-44BF-AF2F-13197E8D7877} = {0101393A-A5EA-44BF-AF2F-13197E8D7877}
	EndProjectSection
EndProject
Global
	GlobalSection(SourceCodeControl) = preSolution
		SccNumberOfProjects = 3
		SccLocalPath0 = .
		CanCheckoutShared = false
		SolutionUniqueID = {55C9779C-CB59-4980-8AAB-056950E3F8CD}
		SccProjectUniqueName1 = executavel\\executavel.csproj
		SccLocalPath1 = .
		CanCheckoutShared = false
		SccProjectFilePathRelativizedFromConnection1 = executavel\\
		SccProjectUniqueName2 = mdlInet\\mdlInet.csproj
		SccLocalPath2 = .
		CanCheckoutShared = false
		SccProjectFilePathRelativizedFromConnection2 = mdlInet\\
	EndGlobalSection
	GlobalSection(SolutionConfiguration) = preSolution
		Debug = Debug
		Release = Release
	EndGlobalSection
	GlobalSection(ProjectConfiguration) = postSolution
		{0101393A-A5EA-44BF-AF2F-13197E8D7877}.Debug.ActiveCfg = Debug|.NET
		{0101393A-A5EA-44BF-AF2F-13197E8D7877}.Debug.Build.0 = Debug|.NET
		{0101393A-A5EA-44BF-AF2F-13197E8D7877}.Release.ActiveCfg = Release|.NET
		{0101393A-A5EA-44BF-AF2F-13197E8D7877}.Release.Build.0 = Release|.NET
		{96867AFA-1E73-42D3-92AF-7D0D8DEA4D09}.Debug.ActiveCfg = Debug|.NET
		{96867AFA-1E73-42D3-92AF-7D0D8DEA4D09}.Debug.Build.0 = Debug|.NET
		{96867AFA-1E73-42D3-92AF-7D0D8DEA4D09}.Release.ActiveCfg = Release|.NET
		{96867AFA-1E73-42D3-92AF-7D0D8DEA4D09}.Release.Build.0 = Release|.NET
	EndGlobalSection
	GlobalSection(SolutionItems) = postSolution
		mdlInet.vsd = mdlInet.vsd
	EndGlobalSection
	GlobalSection(ExtensibilityGlobals) = postSolution
	EndGlobalSection
	GlobalSection(ExtensibilityAddIns) = postSolution
	EndGlobalSection
EndGlobal
