Microsoft Visual Studio Solution File, Format Version 8.00
Project("{FAE04EC0-301F-11D3-BF4B-00C04F79EFBC}") = "executavel", "executavel\executavel.csproj", "{B62882C6-DA9C-4368-AACF-769A7C6F30CF}"
	ProjectSection(ProjectDependencies) = postProject
		{04BB451D-6226-4D69-8A90-BB375B681F2C} = {04BB451D-6226-4D69-8A90-BB375B681F2C}
	EndProjectSection
EndProject
Project("{FAE04EC0-301F-11D3-BF4B-00C04F79EFBC}") = "mdlProdutosVinculacao", "mdlProdutosVinculacao\mdlProdutosVinculacao.csproj", "{04BB451D-6226-4D69-8A90-BB375B681F2C}"
	ProjectSection(ProjectDependencies) = postProject
	EndProjectSection
EndProject
Global
	GlobalSection(SourceCodeControl) = preSolution
		SccNumberOfProjects = 3
		SccLocalPath0 = .
		CanCheckoutShared = false
		SolutionUniqueID = {F7711E34-DE2D-4454-A690-B06305CC8072}
		SccProjectUniqueName1 = executavel\\executavel.csproj
		SccLocalPath1 = .
		CanCheckoutShared = false
		SccProjectFilePathRelativizedFromConnection1 = executavel\\
		SccProjectUniqueName2 = mdlProdutosVinculacao\\mdlProdutosVinculacao.csproj
		SccLocalPath2 = .
		CanCheckoutShared = false
		SccProjectFilePathRelativizedFromConnection2 = mdlProdutosVinculacao\\
	EndGlobalSection
	GlobalSection(SolutionConfiguration) = preSolution
		Debug = Debug
		Release = Release
	EndGlobalSection
	GlobalSection(ProjectConfiguration) = postSolution
		{B62882C6-DA9C-4368-AACF-769A7C6F30CF}.Debug.ActiveCfg = Debug|.NET
		{B62882C6-DA9C-4368-AACF-769A7C6F30CF}.Debug.Build.0 = Debug|.NET
		{B62882C6-DA9C-4368-AACF-769A7C6F30CF}.Release.ActiveCfg = Release|.NET
		{B62882C6-DA9C-4368-AACF-769A7C6F30CF}.Release.Build.0 = Release|.NET
		{04BB451D-6226-4D69-8A90-BB375B681F2C}.Debug.ActiveCfg = Debug|.NET
		{04BB451D-6226-4D69-8A90-BB375B681F2C}.Debug.Build.0 = Debug|.NET
		{04BB451D-6226-4D69-8A90-BB375B681F2C}.Release.ActiveCfg = Release|.NET
		{04BB451D-6226-4D69-8A90-BB375B681F2C}.Release.Build.0 = Release|.NET
	EndGlobalSection
	GlobalSection(SolutionItems) = postSolution
		mdlProdutosVinculacao.vsd = mdlProdutosVinculacao.vsd
	EndGlobalSection
	GlobalSection(ExtensibilityGlobals) = postSolution
	EndGlobalSection
	GlobalSection(ExtensibilityAddIns) = postSolution
	EndGlobalSection
EndGlobal
