Microsoft Visual Studio Solution File, Format Version 8.00
Project("{FAE04EC0-301F-11D3-BF4B-00C04F79EFBC}") = "executavel", "executavel\executavel.csproj", "{02EC4C5D-8836-466A-B69B-6CAD9C1D189D}"
	ProjectSection(ProjectDependencies) = postProject
		{8E3EC9F4-C900-4E0B-90F6-8C759B019A2C} = {8E3EC9F4-C900-4E0B-90F6-8C759B019A2C}
	EndProjectSection
EndProject
Project("{FAE04EC0-301F-11D3-BF4B-00C04F79EFBC}") = "mdlObservacoes", "mdlObservacoes\mdlObservacoes.csproj", "{8E3EC9F4-C900-4E0B-90F6-8C759B019A2C}"
	ProjectSection(ProjectDependencies) = postProject
	EndProjectSection
EndProject
Global
	GlobalSection(SourceCodeControl) = preSolution
		SccNumberOfProjects = 3
		SccLocalPath0 = .
		CanCheckoutShared = false
		SolutionUniqueID = {C6A458D8-0D37-4A95-9182-73C4B0FB1E6D}
		SccProjectUniqueName1 = executavel\\executavel.csproj
		SccLocalPath1 = .
		CanCheckoutShared = false
		SccProjectFilePathRelativizedFromConnection1 = executavel\\
		SccProjectUniqueName2 = mdlObservacoes\\mdlObservacoes.csproj
		SccLocalPath2 = .
		CanCheckoutShared = false
		SccProjectFilePathRelativizedFromConnection2 = mdlObservacoes\\
	EndGlobalSection
	GlobalSection(SolutionConfiguration) = preSolution
		Debug = Debug
		Release = Release
	EndGlobalSection
	GlobalSection(ProjectConfiguration) = postSolution
		{02EC4C5D-8836-466A-B69B-6CAD9C1D189D}.Debug.ActiveCfg = Debug|.NET
		{02EC4C5D-8836-466A-B69B-6CAD9C1D189D}.Debug.Build.0 = Debug|.NET
		{02EC4C5D-8836-466A-B69B-6CAD9C1D189D}.Release.ActiveCfg = Release|.NET
		{02EC4C5D-8836-466A-B69B-6CAD9C1D189D}.Release.Build.0 = Release|.NET
		{8E3EC9F4-C900-4E0B-90F6-8C759B019A2C}.Debug.ActiveCfg = Debug|.NET
		{8E3EC9F4-C900-4E0B-90F6-8C759B019A2C}.Debug.Build.0 = Debug|.NET
		{8E3EC9F4-C900-4E0B-90F6-8C759B019A2C}.Release.ActiveCfg = Release|.NET
		{8E3EC9F4-C900-4E0B-90F6-8C759B019A2C}.Release.Build.0 = Release|.NET
	EndGlobalSection
	GlobalSection(SolutionItems) = postSolution
		mdlObservacoes\mdlObservacoes.vsd = mdlObservacoes\mdlObservacoes.vsd
	EndGlobalSection
	GlobalSection(ExtensibilityGlobals) = postSolution
	EndGlobalSection
	GlobalSection(ExtensibilityAddIns) = postSolution
	EndGlobalSection
EndGlobal
